
Microsoft Visual Studio Solution File, Format Version 12.00
# Visual Studio 15
VisualStudioVersion = 15.0.26228.9
MinimumVisualStudioVersion = 10.0.40219.1
Project("{FAE04EC0-301F-11D3-BF4B-00C04F79EFBC}") = "Sockets", "Sockets\Sockets.csproj", "{DE0AB2F6-15D5-4DEE-8222-AE755DAECE26}"
EndProject
Project("{FAE04EC0-301F-11D3-BF4B-00C04F79EFBC}") = "SendeOgModtagesAfData", "SendelseAfData\SendeOgModtagesAfData.csproj", "{A93EECAB-6D06-4D18-A91B-AF2D53E7DEF7}"
EndProject
Project("{2150E333-8FDC-42A3-9474-1A3956D46DE8}") = "Test", "Test", "{78E9B853-828F-417F-9C87-4A8FF2F3C76C}"
EndProject
Project("{FAE04EC0-301F-11D3-BF4B-00C04F79EFBC}") = "Sender", "Test\Sender\Sender.csproj", "{81E1EBA8-A08D-4DC3-B416-498FE56641EC}"
EndProject
Project("{FAE04EC0-301F-11D3-BF4B-00C04F79EFBC}") = "Modtager", "Test\Modtager\Modtager.csproj", "{C77EF576-6AF4-49A1-ABA7-C4EBCFA1F989}"
EndProject
Global
	GlobalSection(SolutionConfigurationPlatforms) = preSolution
		Debug|Any CPU = Debug|Any CPU
		Release|Any CPU = Release|Any CPU
	EndGlobalSection
	GlobalSection(ProjectConfigurationPlatforms) = postSolution
		{DE0AB2F6-15D5-4DEE-8222-AE755DAECE26}.Debug|Any CPU.ActiveCfg = Debug|Any CPU
		{DE0AB2F6-15D5-4DEE-8222-AE755DAECE26}.Debug|Any CPU.Build.0 = Debug|Any CPU
		{DE0AB2F6-15D5-4DEE-8222-AE755DAECE26}.Release|Any CPU.ActiveCfg = Release|Any CPU
		{DE0AB2F6-15D5-4DEE-8222-AE755DAECE26}.Release|Any CPU.Build.0 = Release|Any CPU
		{A93EECAB-6D06-4D18-A91B-AF2D53E7DEF7}.Debug|Any CPU.ActiveCfg = Debug|Any CPU
		{A93EECAB-6D06-4D18-A91B-AF2D53E7DEF7}.Debug|Any CPU.Build.0 = Debug|Any CPU
		{A93EECAB-6D06-4D18-A91B-AF2D53E7DEF7}.Release|Any CPU.ActiveCfg = Release|Any CPU
		{A93EECAB-6D06-4D18-A91B-AF2D53E7DEF7}.Release|Any CPU.Build.0 = Release|Any CPU
		{81E1EBA8-A08D-4DC3-B416-498FE56641EC}.Debug|Any CPU.ActiveCfg = Debug|Any CPU
		{81E1EBA8-A08D-4DC3-B416-498FE56641EC}.Debug|Any CPU.Build.0 = Debug|Any CPU
		{81E1EBA8-A08D-4DC3-B416-498FE56641EC}.Release|Any CPU.ActiveCfg = Release|Any CPU
		{81E1EBA8-A08D-4DC3-B416-498FE56641EC}.Release|Any CPU.Build.0 = Release|Any CPU
		{C77EF576-6AF4-49A1-ABA7-C4EBCFA1F989}.Debug|Any CPU.ActiveCfg = Debug|Any CPU
		{C77EF576-6AF4-49A1-ABA7-C4EBCFA1F989}.Debug|Any CPU.Build.0 = Debug|Any CPU
		{C77EF576-6AF4-49A1-ABA7-C4EBCFA1F989}.Release|Any CPU.ActiveCfg = Release|Any CPU
		{C77EF576-6AF4-49A1-ABA7-C4EBCFA1F989}.Release|Any CPU.Build.0 = Release|Any CPU
	EndGlobalSection
	GlobalSection(SolutionProperties) = preSolution
		HideSolutionNode = FALSE
	EndGlobalSection
	GlobalSection(NestedProjects) = preSolution
		{81E1EBA8-A08D-4DC3-B416-498FE56641EC} = {78E9B853-828F-417F-9C87-4A8FF2F3C76C}
		{C77EF576-6AF4-49A1-ABA7-C4EBCFA1F989} = {78E9B853-828F-417F-9C87-4A8FF2F3C76C}
	EndGlobalSection
EndGlobal
